
Microsoft Visual Studio Solution File, Format Version 12.00
# Visual Studio Version 16
VisualStudioVersion = 16.0.30011.22
MinimumVisualStudioVersion = 10.0.40219.1
Project("{8BC9CEB8-8B4A-11D0-8D11-00A0C91BC942}") = "Filer", "Filer\Filer.vcxproj", "{41D3EE44-B709-43DD-8D91-C469289A167A}"
EndProject
Global
	GlobalSection(SolutionConfigurationPlatforms) = preSolution
		Debug|x64 = Debug|x64
		Release|x64 = Release|x64
	EndGlobalSection
	GlobalSection(ProjectConfigurationPlatforms) = postSolution
		{41D3EE44-B709-43DD-8D91-C469289A167A}.Debug|x64.ActiveCfg = Debug|x64
		{41D3EE44-B709-43DD-8D91-C469289A167A}.Debug|x64.Build.0 = Debug|x64
		{41D3EE44-B709-43DD-8D91-C469289A167A}.Release|x64.ActiveCfg = Release|x64
		{41D3EE44-B709-43DD-8D91-C469289A167A}.Release|x64.Build.0 = Release|x64
	EndGlobalSection
	GlobalSection(SolutionProperties) = preSolution
		HideSolutionNode = FALSE
	EndGlobalSection
	GlobalSection(ExtensibilityGlobals) = postSolution
		SolutionGuid = {0070C4BE-973C-4EA7-9646-2C0D9DE2D0A3}
	EndGlobalSection
EndGlobal
